# Lockfile v2
# This file is automatically generated by Wapm.
# It is not intended for manual editing. The schema of this file may change.
[modules."_/pngquant"."0.1.0".pngquant]
name = "pngquant"
package_version = "0.1.0"
package_name = "_/pngquant"
source = "registry+pngquant"
resolved = "https://registry-cdn.wapm.io/packages/_/pngquant/pngquant-0.1.0.tar.gz"
abi = "emscripten"
entry = "wapm_packages/_/pngquant@0.1.0/pngquant.wasm"
[modules."syrusakbary/netlify-demo"."0.1.0"]
[commands.pngquant]
name = "pngquant"
package_name = "_/pngquant"
package_version = "0.1.0"
module = "pngquant"
is_top_level_dependency = true
